
Microsoft Visual Studio Solution File, Format Version 12.00
# Visual Studio Version 17
VisualStudioVersion = 17.10.34928.147
MinimumVisualStudioVersion = 10.0.40219.1
Project("{FAE04EC0-301F-11D3-BF4B-00C04F79EFBC}") = "TaskFlow.Server", "TaskFlow.Server\TaskFlow.Server.csproj", "{243F8741-F24C-463A-A1EC-3EEFC141BBAB}"
EndProject
Project("{54A90642-561A-4BB1-A94E-469ADEE60C69}") = "taskflow.client", "taskflow.client\taskflow.client.esproj", "{20FD4B56-A7BC-499E-B5F9-85227C4919D7}"
EndProject
Global
	GlobalSection(SolutionConfigurationPlatforms) = preSolution
		Debug|Any CPU = Debug|Any CPU
		Release|Any CPU = Release|Any CPU
	EndGlobalSection
	GlobalSection(ProjectConfigurationPlatforms) = postSolution
		{243F8741-F24C-463A-A1EC-3EEFC141BBAB}.Debug|Any CPU.ActiveCfg = Debug|Any CPU
		{243F8741-F24C-463A-A1EC-3EEFC141BBAB}.Debug|Any CPU.Build.0 = Debug|Any CPU
		{243F8741-F24C-463A-A1EC-3EEFC141BBAB}.Release|Any CPU.ActiveCfg = Release|Any CPU
		{243F8741-F24C-463A-A1EC-3EEFC141BBAB}.Release|Any CPU.Build.0 = Release|Any CPU
		{20FD4B56-A7BC-499E-B5F9-85227C4919D7}.Debug|Any CPU.ActiveCfg = Debug|Any CPU
		{20FD4B56-A7BC-499E-B5F9-85227C4919D7}.Debug|Any CPU.Build.0 = Debug|Any CPU
		{20FD4B56-A7BC-499E-B5F9-85227C4919D7}.Debug|Any CPU.Deploy.0 = Debug|Any CPU
		{20FD4B56-A7BC-499E-B5F9-85227C4919D7}.Release|Any CPU.ActiveCfg = Release|Any CPU
		{20FD4B56-A7BC-499E-B5F9-85227C4919D7}.Release|Any CPU.Build.0 = Release|Any CPU
		{20FD4B56-A7BC-499E-B5F9-85227C4919D7}.Release|Any CPU.Deploy.0 = Release|Any CPU
	EndGlobalSection
	GlobalSection(SolutionProperties) = preSolution
		HideSolutionNode = FALSE
	EndGlobalSection
	GlobalSection(ExtensibilityGlobals) = postSolution
		SolutionGuid = {A9F530E6-A4AB-4C1A-8288-0FE6CE5B9770}
	EndGlobalSection
EndGlobal
